// !$*UTF8*$!
{
	archiveVersion = 1;
	classes = {
	};
	objectVersion = 56;
	objects = {

/* Begin PBXBuildFile section */
		7B2A16592A120D4C00D66064 /* HeaderView.swift in Sources */ = {isa = PBXBuildFile; fileRef = 7B2A16582A120D4C00D66064 /* HeaderView.swift */; };
		7B2A16612A12615F00D66064 /* Home.storyboard in Resources */ = {isa = PBXBuildFile; fileRef = 7B2A16602A12615E00D66064 /* Home.storyboard */; };
		7B2A16642A12621A00D66064 /* Home+CollectionDelegate.swift in Sources */ = {isa = PBXBuildFile; fileRef = 7B2A16632A12621A00D66064 /* Home+CollectionDelegate.swift */; };
		7B5C53482A10C28100956876 /* AppDelegate.swift in Sources */ = {isa = PBXBuildFile; fileRef = 7B5C53472A10C28100956876 /* AppDelegate.swift */; };
		7B5C534A2A10C28100956876 /* SceneDelegate.swift in Sources */ = {isa = PBXBuildFile; fileRef = 7B5C53492A10C28100956876 /* SceneDelegate.swift */; };
		7B5C534C2A10C28100956876 /* HomeViewController.swift in Sources */ = {isa = PBXBuildFile; fileRef = 7B5C534B2A10C28100956876 /* HomeViewController.swift */; };
		7B5C534F2A10C28100956876 /* Main.storyboard in Resources */ = {isa = PBXBuildFile; fileRef = 7B5C534D2A10C28100956876 /* Main.storyboard */; };
		7B5C53512A10C28400956876 /* Assets.xcassets in Resources */ = {isa = PBXBuildFile; fileRef = 7B5C53502A10C28400956876 /* Assets.xcassets */; };
		7B5C53542A10C28400956876 /* LaunchScreen.storyboard in Resources */ = {isa = PBXBuildFile; fileRef = 7B5C53522A10C28400956876 /* LaunchScreen.storyboard */; };
		7B5C535C2A110ABE00956876 /* CollectionViewCell1.swift in Sources */ = {isa = PBXBuildFile; fileRef = 7B5C535B2A110ABE00956876 /* CollectionViewCell1.swift */; };
		7B5C535E2A110ACD00956876 /* CollectionViewCell2.swift in Sources */ = {isa = PBXBuildFile; fileRef = 7B5C535D2A110ACD00956876 /* CollectionViewCell2.swift */; };
		7B5C53602A110ADD00956876 /* CollectionViewCell3.swift in Sources */ = {isa = PBXBuildFile; fileRef = 7B5C535F2A110ADD00956876 /* CollectionViewCell3.swift */; };
		7B5EDE722A15F4D40036F396 /* CollectionHeader+Delegete.swift in Sources */ = {isa = PBXBuildFile; fileRef = 7B5EDE712A15F4D40036F396 /* CollectionHeader+Delegete.swift */; };
		7B6ED53D2A14729A00AE1464 /* ItemsCollectionViewCell.swift in Sources */ = {isa = PBXBuildFile; fileRef = 7B6ED53C2A14729A00AE1464 /* ItemsCollectionViewCell.swift */; };
		7B6ED53F2A14744B00AE1464 /* ItemPopup+CollectionDelegate.swift in Sources */ = {isa = PBXBuildFile; fileRef = 7B6ED53E2A14744B00AE1464 /* ItemPopup+CollectionDelegate.swift */; };
		7BE00CEE2A13A3410083881B /* ItemPopupViewController.swift in Sources */ = {isa = PBXBuildFile; fileRef = 7BE00CED2A13A3410083881B /* ItemPopupViewController.swift */; };
		7BE00CF22A13A3EF0083881B /* Item.storyboard in Resources */ = {isa = PBXBuildFile; fileRef = 7BE00CF12A13A3EF0083881B /* Item.storyboard */; };
/* End PBXBuildFile section */

/* Begin PBXFileReference section */
		7B2A16582A120D4C00D66064 /* HeaderView.swift */ = {isa = PBXFileReference; lastKnownFileType = sourcecode.swift; path = HeaderView.swift; sourceTree = "<group>"; };
		7B2A16602A12615E00D66064 /* Home.storyboard */ = {isa = PBXFileReference; lastKnownFileType = file.storyboard; path = Home.storyboard; sourceTree = "<group>"; };
		7B2A16632A12621A00D66064 /* Home+CollectionDelegate.swift */ = {isa = PBXFileReference; lastKnownFileType = sourcecode.swift; path = "Home+CollectionDelegate.swift"; sourceTree = "<group>"; };
		7B5C53442A10C28100956876 /* task1-design.app */ = {isa = PBXFileReference; explicitFileType = wrapper.application; includeInIndex = 0; path = "task1-design.app"; sourceTree = BUILT_PRODUCTS_DIR; };
		7B5C53472A10C28100956876 /* AppDelegate.swift */ = {isa = PBXFileReference; lastKnownFileType = sourcecode.swift; path = AppDelegate.swift; sourceTree = "<group>"; };
		7B5C53492A10C28100956876 /* SceneDelegate.swift */ = {isa = PBXFileReference; lastKnownFileType = sourcecode.swift; path = SceneDelegate.swift; sourceTree = "<group>"; };
		7B5C534B2A10C28100956876 /* HomeViewController.swift */ = {isa = PBXFileReference; lastKnownFileType = sourcecode.swift; path = HomeViewController.swift; sourceTree = "<group>"; };
		7B5C534E2A10C28100956876 /* Base */ = {isa = PBXFileReference; lastKnownFileType = file.storyboard; name = Base; path = Base.lproj/Main.storyboard; sourceTree = "<group>"; };
		7B5C53502A10C28400956876 /* Assets.xcassets */ = {isa = PBXFileReference; lastKnownFileType = folder.assetcatalog; path = Assets.xcassets; sourceTree = "<group>"; };
		7B5C53532A10C28400956876 /* Base */ = {isa = PBXFileReference; lastKnownFileType = file.storyboard; name = Base; path = Base.lproj/LaunchScreen.storyboard; sourceTree = "<group>"; };
		7B5C53552A10C28400956876 /* Info.plist */ = {isa = PBXFileReference; lastKnownFileType = text.plist.xml; path = Info.plist; sourceTree = "<group>"; };
		7B5C535B2A110ABE00956876 /* CollectionViewCell1.swift */ = {isa = PBXFileReference; lastKnownFileType = sourcecode.swift; path = CollectionViewCell1.swift; sourceTree = "<group>"; };
		7B5C535D2A110ACD00956876 /* CollectionViewCell2.swift */ = {isa = PBXFileReference; lastKnownFileType = sourcecode.swift; path = CollectionViewCell2.swift; sourceTree = "<group>"; };
		7B5C535F2A110ADD00956876 /* CollectionViewCell3.swift */ = {isa = PBXFileReference; lastKnownFileType = sourcecode.swift; path = CollectionViewCell3.swift; sourceTree = "<group>"; };
		7B5EDE712A15F4D40036F396 /* CollectionHeader+Delegete.swift */ = {isa = PBXFileReference; lastKnownFileType = sourcecode.swift; path = "CollectionHeader+Delegete.swift"; sourceTree = "<group>"; };
		7B6ED53C2A14729A00AE1464 /* ItemsCollectionViewCell.swift */ = {isa = PBXFileReference; lastKnownFileType = sourcecode.swift; path = ItemsCollectionViewCell.swift; sourceTree = "<group>"; };
		7B6ED53E2A14744B00AE1464 /* ItemPopup+CollectionDelegate.swift */ = {isa = PBXFileReference; lastKnownFileType = sourcecode.swift; path = "ItemPopup+CollectionDelegate.swift"; sourceTree = "<group>"; };
		7BE00CED2A13A3410083881B /* ItemPopupViewController.swift */ = {isa = PBXFileReference; lastKnownFileType = sourcecode.swift; path = ItemPopupViewController.swift; sourceTree = "<group>"; };
		7BE00CF12A13A3EF0083881B /* Item.storyboard */ = {isa = PBXFileReference; fileEncoding = 4; lastKnownFileType = file.storyboard; path = Item.storyboard; sourceTree = "<group>"; };
/* End PBXFileReference section */

/* Begin PBXFrameworksBuildPhase section */
		7B5C53412A10C28100956876 /* Frameworks */ = {
			isa = PBXFrameworksBuildPhase;
			buildActionMask = 2147483647;
			files = (
			);
			runOnlyForDeploymentPostprocessing = 0;
		};
/* End PBXFrameworksBuildPhase section */

/* Begin PBXGroup section */
		7B2A165C2A12613000D66064 /* Home */ = {
			isa = PBXGroup;
			children = (
				7B2A165F2A12614700D66064 /* Model */,
				7B2A165E2A12614000D66064 /* Controller */,
				7B2A165D2A12613A00D66064 /* View */,
			);
			path = Home;
			sourceTree = "<group>";
		};
		7B2A165D2A12613A00D66064 /* View */ = {
			isa = PBXGroup;
			children = (
				7B2A16602A12615E00D66064 /* Home.storyboard */,
			);
			path = View;
			sourceTree = "<group>";
		};
		7B2A165E2A12614000D66064 /* Controller */ = {
			isa = PBXGroup;
			children = (
				7B2A16622A12618600D66064 /* Cells */,
				7B2A16652A127BC000D66064 /* CollectionHeader */,
				7B5C534B2A10C28100956876 /* HomeViewController.swift */,
				7B2A16632A12621A00D66064 /* Home+CollectionDelegate.swift */,
			);
			path = Controller;
			sourceTree = "<group>";
		};
		7B2A165F2A12614700D66064 /* Model */ = {
			isa = PBXGroup;
			children = (
			);
			path = Model;
			sourceTree = "<group>";
		};
		7B2A16622A12618600D66064 /* Cells */ = {
			isa = PBXGroup;
			children = (
				7B5C535B2A110ABE00956876 /* CollectionViewCell1.swift */,
				7B5C535D2A110ACD00956876 /* CollectionViewCell2.swift */,
				7B5C535F2A110ADD00956876 /* CollectionViewCell3.swift */,
			);
			path = Cells;
			sourceTree = "<group>";
		};
		7B2A16652A127BC000D66064 /* CollectionHeader */ = {
			isa = PBXGroup;
			children = (
				7B2A16582A120D4C00D66064 /* HeaderView.swift */,
				7B5EDE712A15F4D40036F396 /* CollectionHeader+Delegete.swift */,
			);
			path = CollectionHeader;
			sourceTree = "<group>";
		};
		7B5C533B2A10C28100956876 = {
			isa = PBXGroup;
			children = (
				7B5C53462A10C28100956876 /* task1-design */,
				7B5C53452A10C28100956876 /* Products */,
			);
			sourceTree = "<group>";
		};
		7B5C53452A10C28100956876 /* Products */ = {
			isa = PBXGroup;
			children = (
				7B5C53442A10C28100956876 /* task1-design.app */,
			);
			name = Products;
			sourceTree = "<group>";
		};
		7B5C53462A10C28100956876 /* task1-design */ = {
			isa = PBXGroup;
			children = (
				7B66BE002A135800005482CB /* Item */,
				7B2A165C2A12613000D66064 /* Home */,
				7B5C53472A10C28100956876 /* AppDelegate.swift */,
				7B5C53492A10C28100956876 /* SceneDelegate.swift */,
				7B5C534D2A10C28100956876 /* Main.storyboard */,
				7B5C53502A10C28400956876 /* Assets.xcassets */,
				7B5C53522A10C28400956876 /* LaunchScreen.storyboard */,
				7B5C53552A10C28400956876 /* Info.plist */,
			);
			path = "task1-design";
			sourceTree = "<group>";
		};
		7B66BE002A135800005482CB /* Item */ = {
			isa = PBXGroup;
			children = (
				7B66BE012A13583C005482CB /* Model */,
				7B66BE022A135877005482CB /* Controller */,
				7B66BE032A135883005482CB /* View */,
			);
			path = Item;
			sourceTree = "<group>";
		};
		7B66BE012A13583C005482CB /* Model */ = {
			isa = PBXGroup;
			children = (
			);
			path = Model;
			sourceTree = "<group>";
		};
		7B66BE022A135877005482CB /* Controller */ = {
			isa = PBXGroup;
			children = (
				7B6ED53B2A14723F00AE1464 /* Cells */,
				7BE00CED2A13A3410083881B /* ItemPopupViewController.swift */,
				7B6ED53E2A14744B00AE1464 /* ItemPopup+CollectionDelegate.swift */,
			);
			path = Controller;
			sourceTree = "<group>";
		};
		7B66BE032A135883005482CB /* View */ = {
			isa = PBXGroup;
			children = (
				7BE00CF12A13A3EF0083881B /* Item.storyboard */,
			);
			path = View;
			sourceTree = "<group>";
		};
		7B6ED53B2A14723F00AE1464 /* Cells */ = {
			isa = PBXGroup;
			children = (
				7B6ED53C2A14729A00AE1464 /* ItemsCollectionViewCell.swift */,
			);
			path = Cells;
			sourceTree = "<group>";
		};
/* End PBXGroup section */

/* Begin PBXNativeTarget section */
		7B5C53432A10C28100956876 /* task1-design */ = {
			isa = PBXNativeTarget;
			buildConfigurationList = 7B5C53582A10C28400956876 /* Build configuration list for PBXNativeTarget "task1-design" */;
			buildPhases = (
				7B5C53402A10C28100956876 /* Sources */,
				7B5C53412A10C28100956876 /* Frameworks */,
				7B5C53422A10C28100956876 /* Resources */,
			);
			buildRules = (
			);
			dependencies = (
			);
			name = "task1-design";
			productName = "task1-design";
			productReference = 7B5C53442A10C28100956876 /* task1-design.app */;
			productType = "com.apple.product-type.application";
		};
/* End PBXNativeTarget section */

/* Begin PBXProject section */
		7B5C533C2A10C28100956876 /* Project object */ = {
			isa = PBXProject;
			attributes = {
				BuildIndependentTargetsInParallel = 1;
				LastSwiftUpdateCheck = 1420;
				LastUpgradeCheck = 1420;
				TargetAttributes = {
					7B5C53432A10C28100956876 = {
						CreatedOnToolsVersion = 14.2;
					};
				};
			};
			buildConfigurationList = 7B5C533F2A10C28100956876 /* Build configuration list for PBXProject "task1-design" */;
			compatibilityVersion = "Xcode 14.0";
			developmentRegion = en;
			hasScannedForEncodings = 0;
			knownRegions = (
				en,
				Base,
			);
			mainGroup = 7B5C533B2A10C28100956876;
			productRefGroup = 7B5C53452A10C28100956876 /* Products */;
			projectDirPath = "";
			projectRoot = "";
			targets = (
				7B5C53432A10C28100956876 /* task1-design */,
			);
		};
/* End PBXProject section */

/* Begin PBXResourcesBuildPhase section */
		7B5C53422A10C28100956876 /* Resources */ = {
			isa = PBXResourcesBuildPhase;
			buildActionMask = 2147483647;
			files = (
				7B5C53542A10C28400956876 /* LaunchScreen.storyboard in Resources */,
				7B5C53512A10C28400956876 /* Assets.xcassets in Resources */,
				7BE00CF22A13A3EF0083881B /* Item.storyboard in Resources */,
				7B5C534F2A10C28100956876 /* Main.storyboard in Resources */,
				7B2A16612A12615F00D66064 /* Home.storyboard in Resources */,
			);
			runOnlyForDeploymentPostprocessing = 0;
		};
/* End PBXResourcesBuildPhase section */

/* Begin PBXSourcesBuildPhase section */
		7B5C53402A10C28100956876 /* Sources */ = {
			isa = PBXSourcesBuildPhase;
			buildActionMask = 2147483647;
			files = (
				7B5C535C2A110ABE00956876 /* CollectionViewCell1.swift in Sources */,
				7B5EDE722A15F4D40036F396 /* CollectionHeader+Delegete.swift in Sources */,
				7B6ED53F2A14744B00AE1464 /* ItemPopup+CollectionDelegate.swift in Sources */,
				7B5C534C2A10C28100956876 /* HomeViewController.swift in Sources */,
				7B2A16642A12621A00D66064 /* Home+CollectionDelegate.swift in Sources */,
				7B6ED53D2A14729A00AE1464 /* ItemsCollectionViewCell.swift in Sources */,
				7B5C535E2A110ACD00956876 /* CollectionViewCell2.swift in Sources */,
				7B5C53482A10C28100956876 /* AppDelegate.swift in Sources */,
				7B5C53602A110ADD00956876 /* CollectionViewCell3.swift in Sources */,
				7B5C534A2A10C28100956876 /* SceneDelegate.swift in Sources */,
				7BE00CEE2A13A3410083881B /* ItemPopupViewController.swift in Sources */,
				7B2A16592A120D4C00D66064 /* HeaderView.swift in Sources */,
			);
			runOnlyForDeploymentPostprocessing = 0;
		};
/* End PBXSourcesBuildPhase section */

/* Begin PBXVariantGroup section */
		7B5C534D2A10C28100956876 /* Main.storyboard */ = {
			isa = PBXVariantGroup;
			children = (
				7B5C534E2A10C28100956876 /* Base */,
			);
			name = Main.storyboard;
			sourceTree = "<group>";
		};
		7B5C53522A10C28400956876 /* LaunchScreen.storyboard */ = {
			isa = PBXVariantGroup;
			children = (
				7B5C53532A10C28400956876 /* Base */,
			);
			name = LaunchScreen.storyboard;
			sourceTree = "<group>";
		};
/* End PBXVariantGroup section */

/* Begin XCBuildConfiguration section */
		7B5C53562A10C28400956876 /* Debug */ = {
			isa = XCBuildConfiguration;
			buildSettings = {
				ALWAYS_SEARCH_USER_PATHS = NO;
				CLANG_ANALYZER_NONNULL = YES;
				CLANG_ANALYZER_NUMBER_OBJECT_CONVERSION = YES_AGGRESSIVE;
				CLANG_CXX_LANGUAGE_STANDARD = "gnu++20";
				CLANG_ENABLE_MODULES = YES;
				CLANG_ENABLE_OBJC_ARC = YES;
				CLANG_ENABLE_OBJC_WEAK = YES;
				CLANG_WARN_BLOCK_CAPTURE_AUTORELEASING = YES;
				CLANG_WARN_BOOL_CONVERSION = YES;
				CLANG_WARN_COMMA = YES;
				CLANG_WARN_CONSTANT_CONVERSION = YES;
				CLANG_WARN_DEPRECATED_OBJC_IMPLEMENTATIONS = YES;
				CLANG_WARN_DIRECT_OBJC_ISA_USAGE = YES_ERROR;
				CLANG_WARN_DOCUMENTATION_COMMENTS = YES;
				CLANG_WARN_EMPTY_BODY = YES;
				CLANG_WARN_ENUM_CONVERSION = YES;
				CLANG_WARN_INFINITE_RECURSION = YES;
				CLANG_WARN_INT_CONVERSION = YES;
				CLANG_WARN_NON_LITERAL_NULL_CONVERSION = YES;
				CLANG_WARN_OBJC_IMPLICIT_RETAIN_SELF = YES;
				CLANG_WARN_OBJC_LITERAL_CONVERSION = YES;
				CLANG_WARN_OBJC_ROOT_CLASS = YES_ERROR;
				CLANG_WARN_QUOTED_INCLUDE_IN_FRAMEWORK_HEADER = YES;
				CLANG_WARN_RANGE_LOOP_ANALYSIS = YES;
				CLANG_WARN_STRICT_PROTOTYPES = YES;
				CLANG_WARN_SUSPICIOUS_MOVE = YES;
				CLANG_WARN_UNGUARDED_AVAILABILITY = YES_AGGRESSIVE;
				CLANG_WARN_UNREACHABLE_CODE = YES;
				CLANG_WARN__DUPLICATE_METHOD_MATCH = YES;
				COPY_PHASE_STRIP = NO;
				DEBUG_INFORMATION_FORMAT = dwarf;
				ENABLE_STRICT_OBJC_MSGSEND = YES;
				ENABLE_TESTABILITY = YES;
				GCC_C_LANGUAGE_STANDARD = gnu11;
				GCC_DYNAMIC_NO_PIC = NO;
				GCC_NO_COMMON_BLOCKS = YES;
				GCC_OPTIMIZATION_LEVEL = 0;
				GCC_PREPROCESSOR_DEFINITIONS = (
					"DEBUG=1",
					"$(inherited)",
				);
				GCC_WARN_64_TO_32_BIT_CONVERSION = YES;
				GCC_WARN_ABOUT_RETURN_TYPE = YES_ERROR;
				GCC_WARN_UNDECLARED_SELECTOR = YES;
				GCC_WARN_UNINITIALIZED_AUTOS = YES_AGGRESSIVE;
				GCC_WARN_UNUSED_FUNCTION = YES;
				GCC_WARN_UNUSED_VARIABLE = YES;
				IPHONEOS_DEPLOYMENT_TARGET = 16.2;
				MTL_ENABLE_DEBUG_INFO = INCLUDE_SOURCE;
				MTL_FAST_MATH = YES;
				ONLY_ACTIVE_ARCH = YES;
				SDKROOT = iphoneos;
				SWIFT_ACTIVE_COMPILATION_CONDITIONS = DEBUG;
				SWIFT_OPTIMIZATION_LEVEL = "-Onone";
			};
			name = Debug;
		};
		7B5C53572A10C28400956876 /* Release */ = {
			isa = XCBuildConfiguration;
			buildSettings = {
				ALWAYS_SEARCH_USER_PATHS = NO;
				CLANG_ANALYZER_NONNULL = YES;
				CLANG_ANALYZER_NUMBER_OBJECT_CONVERSION = YES_AGGRESSIVE;
				CLANG_CXX_LANGUAGE_STANDARD = "gnu++20";
				CLANG_ENABLE_MODULES = YES;
				CLANG_ENABLE_OBJC_ARC = YES;
				CLANG_ENABLE_OBJC_WEAK = YES;
				CLANG_WARN_BLOCK_CAPTURE_AUTORELEASING = YES;
				CLANG_WARN_BOOL_CONVERSION = YES;
				CLANG_WARN_COMMA = YES;
				CLANG_WARN_CONSTANT_CONVERSION = YES;
				CLANG_WARN_DEPRECATED_OBJC_IMPLEMENTATIONS = YES;
				CLANG_WARN_DIRECT_OBJC_ISA_USAGE = YES_ERROR;
				CLANG_WARN_DOCUMENTATION_COMMENTS = YES;
				CLANG_WARN_EMPTY_BODY = YES;
				CLANG_WARN_ENUM_CONVERSION = YES;
				CLANG_WARN_INFINITE_RECURSION = YES;
				CLANG_WARN_INT_CONVERSION = YES;
				CLANG_WARN_NON_LITERAL_NULL_CONVERSION = YES;
				CLANG_WARN_OBJC_IMPLICIT_RETAIN_SELF = YES;
				CLANG_WARN_OBJC_LITERAL_CONVERSION = YES;
				CLANG_WARN_OBJC_ROOT_CLASS = YES_ERROR;
				CLANG_WARN_QUOTED_INCLUDE_IN_FRAMEWORK_HEADER = YES;
				CLANG_WARN_RANGE_LOOP_ANALYSIS = YES;
				CLANG_WARN_STRICT_PROTOTYPES = YES;
				CLANG_WARN_SUSPICIOUS_MOVE = YES;
				CLANG_WARN_UNGUARDED_AVAILABILITY = YES_AGGRESSIVE;
				CLANG_WARN_UNREACHABLE_CODE = YES;
				CLANG_WARN__DUPLICATE_METHOD_MATCH = YES;
				COPY_PHASE_STRIP = NO;
				DEBUG_INFORMATION_FORMAT = "dwarf-with-dsym";
				ENABLE_NS_ASSERTIONS = NO;
				ENABLE_STRICT_OBJC_MSGSEND = YES;
				GCC_C_LANGUAGE_STANDARD = gnu11;
				GCC_NO_COMMON_BLOCKS = YES;
				GCC_WARN_64_TO_32_BIT_CONVERSION = YES;
				GCC_WARN_ABOUT_RETURN_TYPE = YES_ERROR;
				GCC_WARN_UNDECLARED_SELECTOR = YES;
				GCC_WARN_UNINITIALIZED_AUTOS = YES_AGGRESSIVE;
				GCC_WARN_UNUSED_FUNCTION = YES;
				GCC_WARN_UNUSED_VARIABLE = YES;
				IPHONEOS_DEPLOYMENT_TARGET = 16.2;
				MTL_ENABLE_DEBUG_INFO = NO;
				MTL_FAST_MATH = YES;
				SDKROOT = iphoneos;
				SWIFT_COMPILATION_MODE = wholemodule;
				SWIFT_OPTIMIZATION_LEVEL = "-O";
				VALIDATE_PRODUCT = YES;
			};
			name = Release;
		};
		7B5C53592A10C28400956876 /* Debug */ = {
			isa = XCBuildConfiguration;
			buildSettings = {
				ASSETCATALOG_COMPILER_APPICON_NAME = AppIcon;
				ASSETCATALOG_COMPILER_GLOBAL_ACCENT_COLOR_NAME = AccentColor;
				CODE_SIGN_STYLE = Automatic;
				CURRENT_PROJECT_VERSION = 1;
				DEVELOPMENT_TEAM = 346Q44X4XP;
				GENERATE_INFOPLIST_FILE = YES;
				INFOPLIST_FILE = "task1-design/Info.plist";
				INFOPLIST_KEY_UIApplicationSupportsIndirectInputEvents = YES;
				INFOPLIST_KEY_UILaunchStoryboardName = LaunchScreen;
				INFOPLIST_KEY_UIMainStoryboardFile = Main;
				INFOPLIST_KEY_UISupportedInterfaceOrientations = UIInterfaceOrientationPortrait;
				INFOPLIST_KEY_UISupportedInterfaceOrientations_iPad = "UIInterfaceOrientationLandscapeLeft UIInterfaceOrientationLandscapeRight UIInterfaceOrientationPortrait UIInterfaceOrientationPortraitUpsideDown";
				IPHONEOS_DEPLOYMENT_TARGET = 16.2;
				LD_RUNPATH_SEARCH_PATHS = (
					"$(inherited)",
					"@executable_path/Frameworks",
				);
				MARKETING_VERSION = 1.0;
				PRODUCT_BUNDLE_IDENTIFIER = "iti.task1-design";
				PRODUCT_NAME = "$(TARGET_NAME)";
				SUPPORTED_PLATFORMS = "iphoneos iphonesimulator";
				SUPPORTS_MACCATALYST = NO;
				SUPPORTS_MAC_DESIGNED_FOR_IPHONE_IPAD = YES;
				SWIFT_EMIT_LOC_STRINGS = YES;
				SWIFT_VERSION = 5.0;
				TARGETED_DEVICE_FAMILY = "1,2";
			};
			name = Debug;
		};
		7B5C535A2A10C28400956876 /* Release */ = {
			isa = XCBuildConfiguration;
			buildSettings = {
				ASSETCATALOG_COMPILER_APPICON_NAME = AppIcon;
				ASSETCATALOG_COMPILER_GLOBAL_ACCENT_COLOR_NAME = AccentColor;
				CODE_SIGN_STYLE = Automatic;
				CURRENT_PROJECT_VERSION = 1;
				DEVELOPMENT_TEAM = 346Q44X4XP;
				GENERATE_INFOPLIST_FILE = YES;
				INFOPLIST_FILE = "task1-design/Info.plist";
				INFOPLIST_KEY_UIApplicationSupportsIndirectInputEvents = YES;
				INFOPLIST_KEY_UILaunchStoryboardName = LaunchScreen;
				INFOPLIST_KEY_UIMainStoryboardFile = Main;
				INFOPLIST_KEY_UISupportedInterfaceOrientations = UIInterfaceOrientationPortrait;
				INFOPLIST_KEY_UISupportedInterfaceOrientations_iPad = "UIInterfaceOrientationLandscapeLeft UIInterfaceOrientationLandscapeRight UIInterfaceOrientationPortrait UIInterfaceOrientationPortraitUpsideDown";
				IPHONEOS_DEPLOYMENT_TARGET = 16.2;
				LD_RUNPATH_SEARCH_PATHS = (
					"$(inherited)",
					"@executable_path/Frameworks",
				);
				MARKETING_VERSION = 1.0;
				PRODUCT_BUNDLE_IDENTIFIER = "iti.task1-design";
				PRODUCT_NAME = "$(TARGET_NAME)";
				SUPPORTED_PLATFORMS = "iphoneos iphonesimulator";
				SUPPORTS_MACCATALYST = NO;
				SUPPORTS_MAC_DESIGNED_FOR_IPHONE_IPAD = YES;
				SWIFT_EMIT_LOC_STRINGS = YES;
				SWIFT_VERSION = 5.0;
				TARGETED_DEVICE_FAMILY = "1,2";
			};
			name = Release;
		};
/* End XCBuildConfiguration section */

/* Begin XCConfigurationList section */
		7B5C533F2A10C28100956876 /* Build configuration list for PBXProject "task1-design" */ = {
			isa = XCConfigurationList;
			buildConfigurations = (
				7B5C53562A10C28400956876 /* Debug */,
				7B5C53572A10C28400956876 /* Release */,
			);
			defaultConfigurationIsVisible = 0;
			defaultConfigurationName = Release;
		};
		7B5C53582A10C28400956876 /* Build configuration list for PBXNativeTarget "task1-design" */ = {
			isa = XCConfigurationList;
			buildConfigurations = (
				7B5C53592A10C28400956876 /* Debug */,
				7B5C535A2A10C28400956876 /* Release */,
			);
			defaultConfigurationIsVisible = 0;
			defaultConfigurationName = Release;
		};
/* End XCConfigurationList section */
	};
	rootObject = 7B5C533C2A10C28100956876 /* Project object */;
}
